// !$*UTF8*$!
{
	archiveVersion = 1;
	classes = {
	};
	objectVersion = 46;
	objects = {

/* Begin PBXBuildFile section */
		752CCBC1DBA146A6D3B5279A /* Pods_ZJBRepository.framework in Frameworks */ = {isa = PBXBuildFile; fileRef = 066FEECD93B4B7C693616838 /* Pods_ZJBRepository.framework */; };
		F31938522261EBA80089B78E /* HomeContentView.m in Sources */ = {isa = PBXBuildFile; fileRef = F31938512261EBA80089B78E /* HomeContentView.m */; };
		F342AA2420E37E8C00AF8DF3 /* JBNetWorkManager.m in Sources */ = {isa = PBXBuildFile; fileRef = F342AA2320E37E8C00AF8DF3 /* JBNetWorkManager.m */; };
		F372AB3D1EE2A15200216C16 /* main.m in Sources */ = {isa = PBXBuildFile; fileRef = F372AB3C1EE2A15200216C16 /* main.m */; };
		F372AB481EE2A15200216C16 /* Assets.xcassets in Resources */ = {isa = PBXBuildFile; fileRef = F372AB471EE2A15200216C16 /* Assets.xcassets */; };
		F372AB4B1EE2A15200216C16 /* LaunchScreen.storyboard in Resources */ = {isa = PBXBuildFile; fileRef = F372AB491EE2A15200216C16 /* LaunchScreen.storyboard */; };
		F372AB5D1EE2A87A00216C16 /* AppDelegate.m in Sources */ = {isa = PBXBuildFile; fileRef = F372AB5B1EE2A87A00216C16 /* AppDelegate.m */; };
		F372AB661EE2A91500216C16 /* BaseViewController.m in Sources */ = {isa = PBXBuildFile; fileRef = F372AB651EE2A91500216C16 /* BaseViewController.m */; };
		F372AB691EE2A95700216C16 /* HomePageViewController.m in Sources */ = {isa = PBXBuildFile; fileRef = F372AB681EE2A95700216C16 /* HomePageViewController.m */; };
		F372AB6C1EE2A9B300216C16 /* HomePageModel.m in Sources */ = {isa = PBXBuildFile; fileRef = F372AB6B1EE2A9B300216C16 /* HomePageModel.m */; };
		F372AB6F1EE2A9CB00216C16 /* HomePagePresenter.m in Sources */ = {isa = PBXBuildFile; fileRef = F372AB6E1EE2A9CB00216C16 /* HomePagePresenter.m */; };
		F372AB721EE2A9F500216C16 /* HomePageHeadView.m in Sources */ = {isa = PBXBuildFile; fileRef = F372AB711EE2A9F500216C16 /* HomePageHeadView.m */; };
		F38164292084504000F96CD4 /* JBTabBarController.m in Sources */ = {isa = PBXBuildFile; fileRef = F38164282084504000F96CD4 /* JBTabBarController.m */; };
		F381642C208450BC00F96CD4 /* JBBaseTabBar.m in Sources */ = {isa = PBXBuildFile; fileRef = F381642B208450BC00F96CD4 /* JBBaseTabBar.m */; };
		F381642F2084513500F96CD4 /* JBHelper.m in Sources */ = {isa = PBXBuildFile; fileRef = F381642E2084513500F96CD4 /* JBHelper.m */; };
		F381643620847DDA00F96CD4 /* UIFont+JB.m in Sources */ = {isa = PBXBuildFile; fileRef = F381643520847DDA00F96CD4 /* UIFont+JB.m */; };
		F381643A20847DFD00F96CD4 /* UIColor+JB.m in Sources */ = {isa = PBXBuildFile; fileRef = F381643920847DFD00F96CD4 /* UIColor+JB.m */; };
		F381643E20847EA400F96CD4 /* NSString+JB.m in Sources */ = {isa = PBXBuildFile; fileRef = F381643D20847EA400F96CD4 /* NSString+JB.m */; };
		F381644220847EFA00F96CD4 /* CALayer+JB.m in Sources */ = {isa = PBXBuildFile; fileRef = F381644120847EFA00F96CD4 /* CALayer+JB.m */; };
		F38164462084801400F96CD4 /* UILabel+JB.m in Sources */ = {isa = PBXBuildFile; fileRef = F38164452084801400F96CD4 /* UILabel+JB.m */; };
		F38164492084822200F96CD4 /* JBNormalProgressHUD.m in Sources */ = {isa = PBXBuildFile; fileRef = F38164482084822200F96CD4 /* JBNormalProgressHUD.m */; };
		F38164512085DD8500F96CD4 /* LoginViewController.m in Sources */ = {isa = PBXBuildFile; fileRef = F38164502085DD8500F96CD4 /* LoginViewController.m */; };
		F38164542085E3C600F96CD4 /* BaseNavigationController.m in Sources */ = {isa = PBXBuildFile; fileRef = F38164532085E3C600F96CD4 /* BaseNavigationController.m */; };
		F38164582085E81D00F96CD4 /* JBNotification.m in Sources */ = {isa = PBXBuildFile; fileRef = F38164572085E81D00F96CD4 /* JBNotification.m */; };
		F381645B2085E88400F96CD4 /* LoginUserInfoModel.m in Sources */ = {isa = PBXBuildFile; fileRef = F381645A2085E88400F96CD4 /* LoginUserInfoModel.m */; };
		F381645E2086EF3E00F96CD4 /* JBGravityManager.m in Sources */ = {isa = PBXBuildFile; fileRef = F381645D2086EF3E00F96CD4 /* JBGravityManager.m */; };
		F38164642086F1FC00F96CD4 /* JBGravityImageView.m in Sources */ = {isa = PBXBuildFile; fileRef = F38164632086F1FC00F96CD4 /* JBGravityImageView.m */; };
		F386FADB214FA6BE00F24E6A /* UIButton+PC.m in Sources */ = {isa = PBXBuildFile; fileRef = F386FADA214FA6BE00F24E6A /* UIButton+PC.m */; };
		F389902F229FAA4B003C57D4 /* HomeUserTalkCell.m in Sources */ = {isa = PBXBuildFile; fileRef = F389902E229FAA4B003C57D4 /* HomeUserTalkCell.m */; };
		F38AE050222FAC7900E3EBEE /* WHDebugToolManager.m in Sources */ = {isa = PBXBuildFile; fileRef = F38AE043222FAC7700E3EBEE /* WHDebugToolManager.m */; };
		F38AE051222FAC7900E3EBEE /* WHDebugTempVC.m in Sources */ = {isa = PBXBuildFile; fileRef = F38AE04A222FAC7700E3EBEE /* WHDebugTempVC.m */; };
		F38AE052222FAC7900E3EBEE /* WHDebugFPSMonitor.m in Sources */ = {isa = PBXBuildFile; fileRef = F38AE04B222FAC7700E3EBEE /* WHDebugFPSMonitor.m */; };
		F38AE053222FAC7900E3EBEE /* WHDebugMemoryMonitor.m in Sources */ = {isa = PBXBuildFile; fileRef = F38AE04C222FAC7700E3EBEE /* WHDebugMemoryMonitor.m */; };
		F38AE054222FAC7900E3EBEE /* WHDebugConsoleLabel.m in Sources */ = {isa = PBXBuildFile; fileRef = F38AE04D222FAC7700E3EBEE /* WHDebugConsoleLabel.m */; };
		F38AE055222FAC7900E3EBEE /* WHDebugMonitor.m in Sources */ = {isa = PBXBuildFile; fileRef = F38AE04E222FAC7700E3EBEE /* WHDebugMonitor.m */; };
		F38AE056222FAC7900E3EBEE /* WHDebugCpuMonitor.m in Sources */ = {isa = PBXBuildFile; fileRef = F38AE04F222FAC7700E3EBEE /* WHDebugCpuMonitor.m */; };
		F39588A222B72F54006083DA /* handinhand.svga in Resources */ = {isa = PBXBuildFile; fileRef = F39588A122B72F54006083DA /* handinhand.svga */; };
		F39E968E1F02321B00E34CD1 /* XNGradientView.m in Sources */ = {isa = PBXBuildFile; fileRef = F39E968D1F02321B00E34CD1 /* XNGradientView.m */; };
		F39E96A71F04A22000E34CD1 /* getMoney01.png in Resources */ = {isa = PBXBuildFile; fileRef = F39E96941F04A22000E34CD1 /* getMoney01.png */; };
		F39E96A81F04A22000E34CD1 /* getMoney02.png in Resources */ = {isa = PBXBuildFile; fileRef = F39E96951F04A22000E34CD1 /* getMoney02.png */; };
		F39E96A91F04A22000E34CD1 /* getMoney03.png in Resources */ = {isa = PBXBuildFile; fileRef = F39E96961F04A22000E34CD1 /* getMoney03.png */; };
		F39E96AA1F04A22000E34CD1 /* getMoney04.png in Resources */ = {isa = PBXBuildFile; fileRef = F39E96971F04A22000E34CD1 /* getMoney04.png */; };
		F39E96AB1F04A22000E34CD1 /* getMoney05.png in Resources */ = {isa = PBXBuildFile; fileRef = F39E96981F04A22000E34CD1 /* getMoney05.png */; };
		F39E96AC1F04A22000E34CD1 /* getMoney06.png in Resources */ = {isa = PBXBuildFile; fileRef = F39E96991F04A22000E34CD1 /* getMoney06.png */; };
		F39E96AD1F04A22000E34CD1 /* getMoney07.png in Resources */ = {isa = PBXBuildFile; fileRef = F39E969A1F04A22000E34CD1 /* getMoney07.png */; };
		F39E96AE1F04A22000E34CD1 /* getMoney08.png in Resources */ = {isa = PBXBuildFile; fileRef = F39E969B1F04A22000E34CD1 /* getMoney08.png */; };
		F39E96AF1F04A22000E34CD1 /* getMoney09.png in Resources */ = {isa = PBXBuildFile; fileRef = F39E969C1F04A22000E34CD1 /* getMoney09.png */; };
		F39E96B01F04A22000E34CD1 /* getMoney10.png in Resources */ = {isa = PBXBuildFile; fileRef = F39E969D1F04A22000E34CD1 /* getMoney10.png */; };
		F39E96B11F04A22000E34CD1 /* getMoney11.png in Resources */ = {isa = PBXBuildFile; fileRef = F39E969E1F04A22000E34CD1 /* getMoney11.png */; };
		F39E96B21F04A22000E34CD1 /* getMoney12.png in Resources */ = {isa = PBXBuildFile; fileRef = F39E969F1F04A22000E34CD1 /* getMoney12.png */; };
		F39E96B31F04A22000E34CD1 /* getMoney13.png in Resources */ = {isa = PBXBuildFile; fileRef = F39E96A01F04A22000E34CD1 /* getMoney13.png */; };
		F39E96B41F04A22000E34CD1 /* getMoney14.png in Resources */ = {isa = PBXBuildFile; fileRef = F39E96A11F04A22000E34CD1 /* getMoney14.png */; };
		F39E96B51F04A22000E34CD1 /* getMoney15.png in Resources */ = {isa = PBXBuildFile; fileRef = F39E96A21F04A22000E34CD1 /* getMoney15.png */; };
		F39E96B61F04A22000E34CD1 /* getMoney16.png in Resources */ = {isa = PBXBuildFile; fileRef = F39E96A31F04A22000E34CD1 /* getMoney16.png */; };
		F39E96B71F04A22000E34CD1 /* getMoney17.png in Resources */ = {isa = PBXBuildFile; fileRef = F39E96A41F04A22000E34CD1 /* getMoney17.png */; };
		F39E96B81F04A22000E34CD1 /* getMoney18.png in Resources */ = {isa = PBXBuildFile; fileRef = F39E96A51F04A22000E34CD1 /* getMoney18.png */; };
		F39E96B91F04A22000E34CD1 /* 时间轴.txt in Resources */ = {isa = PBXBuildFile; fileRef = F39E96A61F04A22000E34CD1 /* 时间轴.txt */; };
		F3A695D7215249D100328EB7 /* JBCycleBannerView.m in Sources */ = {isa = PBXBuildFile; fileRef = F3A695D6215249D100328EB7 /* JBCycleBannerView.m */; };
		F3A695E721524D9600328EB7 /* MDBannerCollectionViewCell.m in Sources */ = {isa = PBXBuildFile; fileRef = F3A695DD21524D9600328EB7 /* MDBannerCollectionViewCell.m */; };
		F3A695E821524D9600328EB7 /* MDBannerCollectionViewCell.xib in Resources */ = {isa = PBXBuildFile; fileRef = F3A695DE21524D9600328EB7 /* MDBannerCollectionViewCell.xib */; };
		F3A695E921524D9600328EB7 /* MDBannerModel.m in Sources */ = {isa = PBXBuildFile; fileRef = F3A695E021524D9600328EB7 /* MDBannerModel.m */; };
		F3A695EA21524D9600328EB7 /* MDMaskView.m in Sources */ = {isa = PBXBuildFile; fileRef = F3A695E221524D9600328EB7 /* MDMaskView.m */; };
		F3A695EB21524D9600328EB7 /* MDShockBannerView.m in Sources */ = {isa = PBXBuildFile; fileRef = F3A695E421524D9600328EB7 /* MDShockBannerView.m */; };
		F3A695EC21524D9600328EB7 /* UIView+MD.m in Sources */ = {isa = PBXBuildFile; fileRef = F3A695E621524D9600328EB7 /* UIView+MD.m */; };
		F3AC5C0B2264B94000EF036C /* BaseUIWebViewController.m in Sources */ = {isa = PBXBuildFile; fileRef = F3AC5C0A2264B94000EF036C /* BaseUIWebViewController.m */; };
		F3E89B8220FC80AB00EC8526 /* libsqlite3.0.tbd in Frameworks */ = {isa = PBXBuildFile; fileRef = F3E89B8020FC72BD00EC8526 /* libsqlite3.0.tbd */; };
		F3E89B8420FC80BC00EC8526 /* libsqlite3.tbd in Frameworks */ = {isa = PBXBuildFile; fileRef = F3E89B8320FC80BC00EC8526 /* libsqlite3.tbd */; };
		F3E8D7C7228023B100378CD7 /* HomeDetailPageViewController.m in Sources */ = {isa = PBXBuildFile; fileRef = F3E8D7C6228023B100378CD7 /* HomeDetailPageViewController.m */; };
/* End PBXBuildFile section */

/* Begin PBXFileReference section */
		05DB67202032BA57E9EA128A /* Pods-ZJBRepository.debug.xcconfig */ = {isa = PBXFileReference; includeInIndex = 1; lastKnownFileType = text.xcconfig; name = "Pods-ZJBRepository.debug.xcconfig"; path = "Pods/Target Support Files/Pods-ZJBRepository/Pods-ZJBRepository.debug.xcconfig"; sourceTree = "<group>"; };
		066FEECD93B4B7C693616838 /* Pods_ZJBRepository.framework */ = {isa = PBXFileReference; explicitFileType = wrapper.framework; includeInIndex = 0; path = Pods_ZJBRepository.framework; sourceTree = BUILT_PRODUCTS_DIR; };
		B9DF9F81997D657169BF7DD2 /* Pods-ZJBRepository.release.xcconfig */ = {isa = PBXFileReference; includeInIndex = 1; lastKnownFileType = text.xcconfig; name = "Pods-ZJBRepository.release.xcconfig"; path = "Pods/Target Support Files/Pods-ZJBRepository/Pods-ZJBRepository.release.xcconfig"; sourceTree = "<group>"; };
		F31938502261EBA80089B78E /* HomeContentView.h */ = {isa = PBXFileReference; lastKnownFileType = sourcecode.c.h; path = HomeContentView.h; sourceTree = "<group>"; };
		F31938512261EBA80089B78E /* HomeContentView.m */ = {isa = PBXFileReference; lastKnownFileType = sourcecode.c.objc; path = HomeContentView.m; sourceTree = "<group>"; };
		F342AA2220E37E8C00AF8DF3 /* JBNetWorkManager.h */ = {isa = PBXFileReference; lastKnownFileType = sourcecode.c.h; path = JBNetWorkManager.h; sourceTree = "<group>"; };
		F342AA2320E37E8C00AF8DF3 /* JBNetWorkManager.m */ = {isa = PBXFileReference; lastKnownFileType = sourcecode.c.objc; path = JBNetWorkManager.m; sourceTree = "<group>"; };
		F372AB381EE2A15200216C16 /* ZJBRepository.app */ = {isa = PBXFileReference; explicitFileType = wrapper.application; includeInIndex = 0; path = ZJBRepository.app; sourceTree = BUILT_PRODUCTS_DIR; };
		F372AB3C1EE2A15200216C16 /* main.m */ = {isa = PBXFileReference; lastKnownFileType = sourcecode.c.objc; path = main.m; sourceTree = "<group>"; };
		F372AB471EE2A15200216C16 /* Assets.xcassets */ = {isa = PBXFileReference; lastKnownFileType = folder.assetcatalog; path = Assets.xcassets; sourceTree = "<group>"; };
		F372AB4A1EE2A15200216C16 /* Base */ = {isa = PBXFileReference; lastKnownFileType = file.storyboard; name = Base; path = Base.lproj/LaunchScreen.storyboard; sourceTree = "<group>"; };
		F372AB4C1EE2A15200216C16 /* Info.plist */ = {isa = PBXFileReference; lastKnownFileType = text.plist.xml; path = Info.plist; sourceTree = "<group>"; };
		F372AB5A1EE2A87A00216C16 /* AppDelegate.h */ = {isa = PBXFileReference; fileEncoding = 4; lastKnownFileType = sourcecode.c.h; path = AppDelegate.h; sourceTree = "<group>"; };
		F372AB5B1EE2A87A00216C16 /* AppDelegate.m */ = {isa = PBXFileReference; fileEncoding = 4; lastKnownFileType = sourcecode.c.objc; path = AppDelegate.m; sourceTree = "<group>"; };
		F372AB641EE2A91500216C16 /* BaseViewController.h */ = {isa = PBXFileReference; fileEncoding = 4; lastKnownFileType = sourcecode.c.h; path = BaseViewController.h; sourceTree = "<group>"; };
		F372AB651EE2A91500216C16 /* BaseViewController.m */ = {isa = PBXFileReference; fileEncoding = 4; lastKnownFileType = sourcecode.c.objc; path = BaseViewController.m; sourceTree = "<group>"; };
		F372AB671EE2A95700216C16 /* HomePageViewController.h */ = {isa = PBXFileReference; fileEncoding = 4; lastKnownFileType = sourcecode.c.h; path = HomePageViewController.h; sourceTree = "<group>"; };
		F372AB681EE2A95700216C16 /* HomePageViewController.m */ = {isa = PBXFileReference; fileEncoding = 4; lastKnownFileType = sourcecode.c.objc; path = HomePageViewController.m; sourceTree = "<group>"; };
		F372AB6A1EE2A9B300216C16 /* HomePageModel.h */ = {isa = PBXFileReference; fileEncoding = 4; lastKnownFileType = sourcecode.c.h; path = HomePageModel.h; sourceTree = "<group>"; };
		F372AB6B1EE2A9B300216C16 /* HomePageModel.m */ = {isa = PBXFileReference; fileEncoding = 4; lastKnownFileType = sourcecode.c.objc; path = HomePageModel.m; sourceTree = "<group>"; };
		F372AB6D1EE2A9CB00216C16 /* HomePagePresenter.h */ = {isa = PBXFileReference; fileEncoding = 4; lastKnownFileType = sourcecode.c.h; path = HomePagePresenter.h; sourceTree = "<group>"; };
		F372AB6E1EE2A9CB00216C16 /* HomePagePresenter.m */ = {isa = PBXFileReference; fileEncoding = 4; lastKnownFileType = sourcecode.c.objc; path = HomePagePresenter.m; sourceTree = "<group>"; };
		F372AB701EE2A9F500216C16 /* HomePageHeadView.h */ = {isa = PBXFileReference; fileEncoding = 4; lastKnownFileType = sourcecode.c.h; path = HomePageHeadView.h; sourceTree = "<group>"; };
		F372AB711EE2A9F500216C16 /* HomePageHeadView.m */ = {isa = PBXFileReference; fileEncoding = 4; lastKnownFileType = sourcecode.c.objc; path = HomePageHeadView.m; sourceTree = "<group>"; };
		F372AB731EE2AF7500216C16 /* PrefixHeader.pch */ = {isa = PBXFileReference; lastKnownFileType = sourcecode.c.h; path = PrefixHeader.pch; sourceTree = "<group>"; };
		F38164272084504000F96CD4 /* JBTabBarController.h */ = {isa = PBXFileReference; lastKnownFileType = sourcecode.c.h; path = JBTabBarController.h; sourceTree = "<group>"; };
		F38164282084504000F96CD4 /* JBTabBarController.m */ = {isa = PBXFileReference; lastKnownFileType = sourcecode.c.objc; path = JBTabBarController.m; sourceTree = "<group>"; };
		F381642A208450BC00F96CD4 /* JBBaseTabBar.h */ = {isa = PBXFileReference; lastKnownFileType = sourcecode.c.h; path = JBBaseTabBar.h; sourceTree = "<group>"; };
		F381642B208450BC00F96CD4 /* JBBaseTabBar.m */ = {isa = PBXFileReference; lastKnownFileType = sourcecode.c.objc; path = JBBaseTabBar.m; sourceTree = "<group>"; };
		F381642D2084513500F96CD4 /* JBHelper.h */ = {isa = PBXFileReference; lastKnownFileType = sourcecode.c.h; path = JBHelper.h; sourceTree = "<group>"; };
		F381642E2084513500F96CD4 /* JBHelper.m */ = {isa = PBXFileReference; lastKnownFileType = sourcecode.c.objc; path = JBHelper.m; sourceTree = "<group>"; };
		F381643420847DDA00F96CD4 /* UIFont+JB.h */ = {isa = PBXFileReference; lastKnownFileType = sourcecode.c.h; path = "UIFont+JB.h"; sourceTree = "<group>"; };
		F381643520847DDA00F96CD4 /* UIFont+JB.m */ = {isa = PBXFileReference; lastKnownFileType = sourcecode.c.objc; path = "UIFont+JB.m"; sourceTree = "<group>"; };
		F381643820847DFD00F96CD4 /* UIColor+JB.h */ = {isa = PBXFileReference; lastKnownFileType = sourcecode.c.h; path = "UIColor+JB.h"; sourceTree = "<group>"; };
		F381643920847DFD00F96CD4 /* UIColor+JB.m */ = {isa = PBXFileReference; lastKnownFileType = sourcecode.c.objc; path = "UIColor+JB.m"; sourceTree = "<group>"; };
		F381643C20847EA400F96CD4 /* NSString+JB.h */ = {isa = PBXFileReference; lastKnownFileType = sourcecode.c.h; path = "NSString+JB.h"; sourceTree = "<group>"; };
		F381643D20847EA400F96CD4 /* NSString+JB.m */ = {isa = PBXFileReference; lastKnownFileType = sourcecode.c.objc; path = "NSString+JB.m"; sourceTree = "<group>"; };
		F381644020847EFA00F96CD4 /* CALayer+JB.h */ = {isa = PBXFileReference; lastKnownFileType = sourcecode.c.h; path = "CALayer+JB.h"; sourceTree = "<group>"; };
		F381644120847EFA00F96CD4 /* CALayer+JB.m */ = {isa = PBXFileReference; lastKnownFileType = sourcecode.c.objc; path = "CALayer+JB.m"; sourceTree = "<group>"; };
		F38164442084801400F96CD4 /* UILabel+JB.h */ = {isa = PBXFileReference; lastKnownFileType = sourcecode.c.h; path = "UILabel+JB.h"; sourceTree = "<group>"; };
		F38164452084801400F96CD4 /* UILabel+JB.m */ = {isa = PBXFileReference; lastKnownFileType = sourcecode.c.objc; path = "UILabel+JB.m"; sourceTree = "<group>"; };
		F38164472084822200F96CD4 /* JBNormalProgressHUD.h */ = {isa = PBXFileReference; lastKnownFileType = sourcecode.c.h; path = JBNormalProgressHUD.h; sourceTree = "<group>"; };
		F38164482084822200F96CD4 /* JBNormalProgressHUD.m */ = {isa = PBXFileReference; lastKnownFileType = sourcecode.c.objc; path = JBNormalProgressHUD.m; sourceTree = "<group>"; };
		F381644F2085DD8500F96CD4 /* LoginViewController.h */ = {isa = PBXFileReference; lastKnownFileType = sourcecode.c.h; path = LoginViewController.h; sourceTree = "<group>"; };
		F38164502085DD8500F96CD4 /* LoginViewController.m */ = {isa = PBXFileReference; lastKnownFileType = sourcecode.c.objc; path = LoginViewController.m; sourceTree = "<group>"; };
		F38164522085E3C600F96CD4 /* BaseNavigationController.h */ = {isa = PBXFileReference; lastKnownFileType = sourcecode.c.h; path = BaseNavigationController.h; sourceTree = "<group>"; };
		F38164532085E3C600F96CD4 /* BaseNavigationController.m */ = {isa = PBXFileReference; lastKnownFileType = sourcecode.c.objc; path = BaseNavigationController.m; sourceTree = "<group>"; };
		F38164562085E81D00F96CD4 /* JBNotification.h */ = {isa = PBXFileReference; lastKnownFileType = sourcecode.c.h; path = JBNotification.h; sourceTree = "<group>"; };
		F38164572085E81D00F96CD4 /* JBNotification.m */ = {isa = PBXFileReference; lastKnownFileType = sourcecode.c.objc; path = JBNotification.m; sourceTree = "<group>"; };
		F38164592085E88400F96CD4 /* LoginUserInfoModel.h */ = {isa = PBXFileReference; lastKnownFileType = sourcecode.c.h; path = LoginUserInfoModel.h; sourceTree = "<group>"; };
		F381645A2085E88400F96CD4 /* LoginUserInfoModel.m */ = {isa = PBXFileReference; lastKnownFileType = sourcecode.c.objc; path = LoginUserInfoModel.m; sourceTree = "<group>"; };
		F381645C2086EF3E00F96CD4 /* JBGravityManager.h */ = {isa = PBXFileReference; lastKnownFileType = sourcecode.c.h; path = JBGravityManager.h; sourceTree = "<group>"; };
		F381645D2086EF3E00F96CD4 /* JBGravityManager.m */ = {isa = PBXFileReference; lastKnownFileType = sourcecode.c.objc; path = JBGravityManager.m; sourceTree = "<group>"; };
		F38164622086F1FC00F96CD4 /* JBGravityImageView.h */ = {isa = PBXFileReference; lastKnownFileType = sourcecode.c.h; path = JBGravityImageView.h; sourceTree = "<group>"; };
		F38164632086F1FC00F96CD4 /* JBGravityImageView.m */ = {isa = PBXFileReference; lastKnownFileType = sourcecode.c.objc; path = JBGravityImageView.m; sourceTree = "<group>"; };
		F386FAD9214FA6BE00F24E6A /* UIButton+PC.h */ = {isa = PBXFileReference; lastKnownFileType = sourcecode.c.h; path = "UIButton+PC.h"; sourceTree = "<group>"; };
		F386FADA214FA6BE00F24E6A /* UIButton+PC.m */ = {isa = PBXFileReference; lastKnownFileType = sourcecode.c.objc; path = "UIButton+PC.m"; sourceTree = "<group>"; };
		F389902D229FAA4B003C57D4 /* HomeUserTalkCell.h */ = {isa = PBXFileReference; lastKnownFileType = sourcecode.c.h; path = HomeUserTalkCell.h; sourceTree = "<group>"; };
		F389902E229FAA4B003C57D4 /* HomeUserTalkCell.m */ = {isa = PBXFileReference; lastKnownFileType = sourcecode.c.objc; path = HomeUserTalkCell.m; sourceTree = "<group>"; };
		F38AE042222FAC7700E3EBEE /* WHDebugTempVC.h */ = {isa = PBXFileReference; fileEncoding = 4; lastKnownFileType = sourcecode.c.h; path = WHDebugTempVC.h; sourceTree = "<group>"; };
		F38AE043222FAC7700E3EBEE /* WHDebugToolManager.m */ = {isa = PBXFileReference; fileEncoding = 4; lastKnownFileType = sourcecode.c.objc; path = WHDebugToolManager.m; sourceTree = "<group>"; };
		F38AE044222FAC7700E3EBEE /* WHDebugConsoleLabel.h */ = {isa = PBXFileReference; fileEncoding = 4; lastKnownFileType = sourcecode.c.h; path = WHDebugConsoleLabel.h; sourceTree = "<group>"; };
		F38AE045222FAC7700E3EBEE /* WHDebugMemoryMonitor.h */ = {isa = PBXFileReference; fileEncoding = 4; lastKnownFileType = sourcecode.c.h; path = WHDebugMemoryMonitor.h; sourceTree = "<group>"; };
		F38AE046222FAC7700E3EBEE /* WHDebugFPSMonitor.h */ = {isa = PBXFileReference; fileEncoding = 4; lastKnownFileType = sourcecode.c.h; path = WHDebugFPSMonitor.h; sourceTree = "<group>"; };
		F38AE047222FAC7700E3EBEE /* WHDebugMonitor.h */ = {isa = PBXFileReference; fileEncoding = 4; lastKnownFileType = sourcecode.c.h; path = WHDebugMonitor.h; sourceTree = "<group>"; };
		F38AE048222FAC7700E3EBEE /* WHDebugCpuMonitor.h */ = {isa = PBXFileReference; fileEncoding = 4; lastKnownFileType = sourcecode.c.h; path = WHDebugCpuMonitor.h; sourceTree = "<group>"; };
		F38AE049222FAC7700E3EBEE /* WHDebugToolManager.h */ = {isa = PBXFileReference; fileEncoding = 4; lastKnownFileType = sourcecode.c.h; path = WHDebugToolManager.h; sourceTree = "<group>"; };
		F38AE04A222FAC7700E3EBEE /* WHDebugTempVC.m */ = {isa = PBXFileReference; fileEncoding = 4; lastKnownFileType = sourcecode.c.objc; path = WHDebugTempVC.m; sourceTree = "<group>"; };
		F38AE04B222FAC7700E3EBEE /* WHDebugFPSMonitor.m */ = {isa = PBXFileReference; fileEncoding = 4; lastKnownFileType = sourcecode.c.objc; path = WHDebugFPSMonitor.m; sourceTree = "<group>"; };
		F38AE04C222FAC7700E3EBEE /* WHDebugMemoryMonitor.m */ = {isa = PBXFileReference; fileEncoding = 4; lastKnownFileType = sourcecode.c.objc; path = WHDebugMemoryMonitor.m; sourceTree = "<group>"; };
		F38AE04D222FAC7700E3EBEE /* WHDebugConsoleLabel.m */ = {isa = PBXFileReference; fileEncoding = 4; lastKnownFileType = sourcecode.c.objc; path = WHDebugConsoleLabel.m; sourceTree = "<group>"; };
		F38AE04E222FAC7700E3EBEE /* WHDebugMonitor.m */ = {isa = PBXFileReference; fileEncoding = 4; lastKnownFileType = sourcecode.c.objc; path = WHDebugMonitor.m; sourceTree = "<group>"; };
		F38AE04F222FAC7700E3EBEE /* WHDebugCpuMonitor.m */ = {isa = PBXFileReference; fileEncoding = 4; lastKnownFileType = sourcecode.c.objc; path = WHDebugCpuMonitor.m; sourceTree = "<group>"; };
		F39588A122B72F54006083DA /* handinhand.svga */ = {isa = PBXFileReference; lastKnownFileType = file; path = handinhand.svga; sourceTree = "<group>"; };
		F39E968C1F02321B00E34CD1 /* XNGradientView.h */ = {isa = PBXFileReference; fileEncoding = 4; lastKnownFileType = sourcecode.c.h; path = XNGradientView.h; sourceTree = "<group>"; };
		F39E968D1F02321B00E34CD1 /* XNGradientView.m */ = {isa = PBXFileReference; fileEncoding = 4; lastKnownFileType = sourcecode.c.objc; path = XNGradientView.m; sourceTree = "<group>"; };
		F39E96941F04A22000E34CD1 /* getMoney01.png */ = {isa = PBXFileReference; lastKnownFileType = image.png; path = getMoney01.png; sourceTree = "<group>"; };
		F39E96951F04A22000E34CD1 /* getMoney02.png */ = {isa = PBXFileReference; lastKnownFileType = image.png; path = getMoney02.png; sourceTree = "<group>"; };
		F39E96961F04A22000E34CD1 /* getMoney03.png */ = {isa = PBXFileReference; lastKnownFileType = image.png; path = getMoney03.png; sourceTree = "<group>"; };
		F39E96971F04A22000E34CD1 /* getMoney04.png */ = {isa = PBXFileReference; lastKnownFileType = image.png; path = getMoney04.png; sourceTree = "<group>"; };
		F39E96981F04A22000E34CD1 /* getMoney05.png */ = {isa = PBXFileReference; lastKnownFileType = image.png; path = getMoney05.png; sourceTree = "<group>"; };
		F39E96991F04A22000E34CD1 /* getMoney06.png */ = {isa = PBXFileReference; lastKnownFileType = image.png; path = getMoney06.png; sourceTree = "<group>"; };
		F39E969A1F04A22000E34CD1 /* getMoney07.png */ = {isa = PBXFileReference; lastKnownFileType = image.png; path = getMoney07.png; sourceTree = "<group>"; };
		F39E969B1F04A22000E34CD1 /* getMoney08.png */ = {isa = PBXFileReference; lastKnownFileType = image.png; path = getMoney08.png; sourceTree = "<group>"; };
		F39E969C1F04A22000E34CD1 /* getMoney09.png */ = {isa = PBXFileReference; lastKnownFileType = image.png; path = getMoney09.png; sourceTree = "<group>"; };
		F39E969D1F04A22000E34CD1 /* getMoney10.png */ = {isa = PBXFileReference; lastKnownFileType = image.png; path = getMoney10.png; sourceTree = "<group>"; };
		F39E969E1F04A22000E34CD1 /* getMoney11.png */ = {isa = PBXFileReference; lastKnownFileType = image.png; path = getMoney11.png; sourceTree = "<group>"; };
		F39E969F1F04A22000E34CD1 /* getMoney12.png */ = {isa = PBXFileReference; lastKnownFileType = image.png; path = getMoney12.png; sourceTree = "<group>"; };
		F39E96A01F04A22000E34CD1 /* getMoney13.png */ = {isa = PBXFileReference; lastKnownFileType = image.png; path = getMoney13.png; sourceTree = "<group>"; };
		F39E96A11F04A22000E34CD1 /* getMoney14.png */ = {isa = PBXFileReference; lastKnownFileType = image.png; path = getMoney14.png; sourceTree = "<group>"; };
		F39E96A21F04A22000E34CD1 /* getMoney15.png */ = {isa = PBXFileReference; lastKnownFileType = image.png; path = getMoney15.png; sourceTree = "<group>"; };
		F39E96A31F04A22000E34CD1 /* getMoney16.png */ = {isa = PBXFileReference; lastKnownFileType = image.png; path = getMoney16.png; sourceTree = "<group>"; };
		F39E96A41F04A22000E34CD1 /* getMoney17.png */ = {isa = PBXFileReference; lastKnownFileType = image.png; path = getMoney17.png; sourceTree = "<group>"; };
		F39E96A51F04A22000E34CD1 /* getMoney18.png */ = {isa = PBXFileReference; lastKnownFileType = image.png; path = getMoney18.png; sourceTree = "<group>"; };
		F39E96A61F04A22000E34CD1 /* 时间轴.txt */ = {isa = PBXFileReference; fileEncoding = 4; lastKnownFileType = text; path = "时间轴.txt"; sourceTree = "<group>"; };
		F3A695D5215249D100328EB7 /* JBCycleBannerView.h */ = {isa = PBXFileReference; lastKnownFileType = sourcecode.c.h; path = JBCycleBannerView.h; sourceTree = "<group>"; };
		F3A695D6215249D100328EB7 /* JBCycleBannerView.m */ = {isa = PBXFileReference; lastKnownFileType = sourcecode.c.objc; path = JBCycleBannerView.m; sourceTree = "<group>"; };
		F3A695DC21524D9600328EB7 /* MDBannerCollectionViewCell.h */ = {isa = PBXFileReference; fileEncoding = 4; lastKnownFileType = sourcecode.c.h; path = MDBannerCollectionViewCell.h; sourceTree = "<group>"; };
		F3A695DD21524D9600328EB7 /* MDBannerCollectionViewCell.m */ = {isa = PBXFileReference; fileEncoding = 4; lastKnownFileType = sourcecode.c.objc; path = MDBannerCollectionViewCell.m; sourceTree = "<group>"; };
		F3A695DE21524D9600328EB7 /* MDBannerCollectionViewCell.xib */ = {isa = PBXFileReference; fileEncoding = 4; lastKnownFileType = file.xib; path = MDBannerCollectionViewCell.xib; sourceTree = "<group>"; };
		F3A695DF21524D9600328EB7 /* MDBannerModel.h */ = {isa = PBXFileReference; fileEncoding = 4; lastKnownFileType = sourcecode.c.h; path = MDBannerModel.h; sourceTree = "<group>"; };
		F3A695E021524D9600328EB7 /* MDBannerModel.m */ = {isa = PBXFileReference; fileEncoding = 4; lastKnownFileType = sourcecode.c.objc; path = MDBannerModel.m; sourceTree = "<group>"; };
		F3A695E121524D9600328EB7 /* MDMaskView.h */ = {isa = PBXFileReference; fileEncoding = 4; lastKnownFileType = sourcecode.c.h; path = MDMaskView.h; sourceTree = "<group>"; };
		F3A695E221524D9600328EB7 /* MDMaskView.m */ = {isa = PBXFileReference; fileEncoding = 4; lastKnownFileType = sourcecode.c.objc; path = MDMaskView.m; sourceTree = "<group>"; };
		F3A695E321524D9600328EB7 /* MDShockBannerView.h */ = {isa = PBXFileReference; fileEncoding = 4; lastKnownFileType = sourcecode.c.h; path = MDShockBannerView.h; sourceTree = "<group>"; };
		F3A695E421524D9600328EB7 /* MDShockBannerView.m */ = {isa = PBXFileReference; fileEncoding = 4; lastKnownFileType = sourcecode.c.objc; path = MDShockBannerView.m; sourceTree = "<group>"; };
		F3A695E521524D9600328EB7 /* UIView+MD.h */ = {isa = PBXFileReference; fileEncoding = 4; lastKnownFileType = sourcecode.c.h; path = "UIView+MD.h"; sourceTree = "<group>"; };
		F3A695E621524D9600328EB7 /* UIView+MD.m */ = {isa = PBXFileReference; fileEncoding = 4; lastKnownFileType = sourcecode.c.objc; path = "UIView+MD.m"; sourceTree = "<group>"; };
		F3AC5C092264B94000EF036C /* BaseUIWebViewController.h */ = {isa = PBXFileReference; lastKnownFileType = sourcecode.c.h; path = BaseUIWebViewController.h; sourceTree = "<group>"; };
		F3AC5C0A2264B94000EF036C /* BaseUIWebViewController.m */ = {isa = PBXFileReference; lastKnownFileType = sourcecode.c.objc; path = BaseUIWebViewController.m; sourceTree = "<group>"; };
		F3E89B8020FC72BD00EC8526 /* libsqlite3.0.tbd */ = {isa = PBXFileReference; lastKnownFileType = "sourcecode.text-based-dylib-definition"; name = libsqlite3.0.tbd; path = usr/lib/libsqlite3.0.tbd; sourceTree = SDKROOT; };
		F3E89B8320FC80BC00EC8526 /* libsqlite3.tbd */ = {isa = PBXFileReference; lastKnownFileType = "sourcecode.text-based-dylib-definition"; name = libsqlite3.tbd; path = usr/lib/libsqlite3.tbd; sourceTree = SDKROOT; };
		F3E8D7C5228023B100378CD7 /* HomeDetailPageViewController.h */ = {isa = PBXFileReference; lastKnownFileType = sourcecode.c.h; path = HomeDetailPageViewController.h; sourceTree = "<group>"; };
		F3E8D7C6228023B100378CD7 /* HomeDetailPageViewController.m */ = {isa = PBXFileReference; lastKnownFileType = sourcecode.c.objc; path = HomeDetailPageViewController.m; sourceTree = "<group>"; };
/* End PBXFileReference section */

/* Begin PBXFrameworksBuildPhase section */
		F372AB351EE2A15200216C16 /* Frameworks */ = {
			isa = PBXFrameworksBuildPhase;
			buildActionMask = 2147483647;
			files = (
				F3E89B8420FC80BC00EC8526 /* libsqlite3.tbd in Frameworks */,
				F3E89B8220FC80AB00EC8526 /* libsqlite3.0.tbd in Frameworks */,
				752CCBC1DBA146A6D3B5279A /* Pods_ZJBRepository.framework in Frameworks */,
			);
			runOnlyForDeploymentPostprocessing = 0;
		};
/* End PBXFrameworksBuildPhase section */

/* Begin PBXGroup section */
		4A1D5FC5981D90714F11621E /* Frameworks */ = {
			isa = PBXGroup;
			children = (
				F3E89B8320FC80BC00EC8526 /* libsqlite3.tbd */,
				F3E89B8020FC72BD00EC8526 /* libsqlite3.0.tbd */,
				066FEECD93B4B7C693616838 /* Pods_ZJBRepository.framework */,
			);
			name = Frameworks;
			sourceTree = "<group>";
		};
		8A1D643311C06B1301469F69 /* Pods */ = {
			isa = PBXGroup;
			children = (
				05DB67202032BA57E9EA128A /* Pods-ZJBRepository.debug.xcconfig */,
				B9DF9F81997D657169BF7DD2 /* Pods-ZJBRepository.release.xcconfig */,
			);
			name = Pods;
			sourceTree = "<group>";
		};
		F372AB2F1EE2A15200216C16 = {
			isa = PBXGroup;
			children = (
				F372AB3A1EE2A15200216C16 /* ZJBRepository */,
				F372AB391EE2A15200216C16 /* Products */,
				8A1D643311C06B1301469F69 /* Pods */,
				4A1D5FC5981D90714F11621E /* Frameworks */,
			);
			sourceTree = "<group>";
		};
		F372AB391EE2A15200216C16 /* Products */ = {
			isa = PBXGroup;
			children = (
				F372AB381EE2A15200216C16 /* ZJBRepository.app */,
			);
			name = Products;
			sourceTree = "<group>";
		};
		F372AB3A1EE2A15200216C16 /* ZJBRepository */ = {
			isa = PBXGroup;
			children = (
				F372AB521EE2A29B00216C16 /* Main */,
				F372AB5E1EE2A8E800216C16 /* Function */,
				F39E968A1F0230A300E34CD1 /* CommonUI */,
				F381643220847DA500F96CD4 /* Categroy */,
				F39E95E31EF26D6600E34CD1 /* Tools */,
				F38AE040222FAC7700E3EBEE /* ThirdParty */,
				F372AB3B1EE2A15200216C16 /* Supporting Files */,
			);
			path = ZJBRepository;
			sourceTree = "<group>";
		};
		F372AB3B1EE2A15200216C16 /* Supporting Files */ = {
			isa = PBXGroup;
			children = (
				F372AB471EE2A15200216C16 /* Assets.xcassets */,
				F372AB491EE2A15200216C16 /* LaunchScreen.storyboard */,
				F372AB4C1EE2A15200216C16 /* Info.plist */,
				F372AB3C1EE2A15200216C16 /* main.m */,
			);
			name = "Supporting Files";
			sourceTree = "<group>";
		};
		F372AB521EE2A29B00216C16 /* Main */ = {
			isa = PBXGroup;
			children = (
				F38164552085E7C800F96CD4 /* Notification */,
				F372AB591EE2A87A00216C16 /* APP */,
				F372AB5C1EE2A87A00216C16 /* BaseClass */,
			);
			path = Main;
			sourceTree = "<group>";
		};
		F372AB591EE2A87A00216C16 /* APP */ = {
			isa = PBXGroup;
			children = (
				F372AB5A1EE2A87A00216C16 /* AppDelegate.h */,
				F372AB5B1EE2A87A00216C16 /* AppDelegate.m */,
				F372AB731EE2AF7500216C16 /* PrefixHeader.pch */,
			);
			path = APP;
			sourceTree = "<group>";
		};
		F372AB5C1EE2A87A00216C16 /* BaseClass */ = {
			isa = PBXGroup;
			children = (
				F372AB641EE2A91500216C16 /* BaseViewController.h */,
				F372AB651EE2A91500216C16 /* BaseViewController.m */,
				F3AC5C092264B94000EF036C /* BaseUIWebViewController.h */,
				F3AC5C0A2264B94000EF036C /* BaseUIWebViewController.m */,
				F38164522085E3C600F96CD4 /* BaseNavigationController.h */,
				F38164532085E3C600F96CD4 /* BaseNavigationController.m */,
			);
			path = BaseClass;
			sourceTree = "<group>";
		};
		F372AB5E1EE2A8E800216C16 /* Function */ = {
			isa = PBXGroup;
			children = (
				F38164602086EFA600F96CD4 /* Me */,
				F381645F2086EF9700F96CD4 /* Life */,
				F38164262084500600F96CD4 /* TabBar */,
				F381644A2085DCEC00F96CD4 /* Login */,
				F372AB5F1EE2A8E800216C16 /* Home */,
			);
			path = Function;
			sourceTree = "<group>";
		};
		F372AB5F1EE2A8E800216C16 /* Home */ = {
			isa = PBXGroup;
			children = (
				F39E96921F04A22000E34CD1 /* Source */,
				F372AB601EE2A8E800216C16 /* Controller */,
				F372AB611EE2A8E800216C16 /* Model */,
				F372AB621EE2A8E800216C16 /* Presenter */,
				F372AB631EE2A8E800216C16 /* View */,
			);
			path = Home;
			sourceTree = "<group>";
		};
		F372AB601EE2A8E800216C16 /* Controller */ = {
			isa = PBXGroup;
			children = (
				F372AB671EE2A95700216C16 /* HomePageViewController.h */,
				F372AB681EE2A95700216C16 /* HomePageViewController.m */,
				F3E8D7C5228023B100378CD7 /* HomeDetailPageViewController.h */,
				F3E8D7C6228023B100378CD7 /* HomeDetailPageViewController.m */,
			);
			path = Controller;
			sourceTree = "<group>";
		};
		F372AB611EE2A8E800216C16 /* Model */ = {
			isa = PBXGroup;
			children = (
				F372AB6A1EE2A9B300216C16 /* HomePageModel.h */,
				F372AB6B1EE2A9B300216C16 /* HomePageModel.m */,
			);
			path = Model;
			sourceTree = "<group>";
		};
		F372AB621EE2A8E800216C16 /* Presenter */ = {
			isa = PBXGroup;
			children = (
				F372AB6D1EE2A9CB00216C16 /* HomePagePresenter.h */,
				F372AB6E1EE2A9CB00216C16 /* HomePagePresenter.m */,
			);
			path = Presenter;
			sourceTree = "<group>";
		};
		F372AB631EE2A8E800216C16 /* View */ = {
			isa = PBXGroup;
			children = (
				F372AB701EE2A9F500216C16 /* HomePageHeadView.h */,
				F372AB711EE2A9F500216C16 /* HomePageHeadView.m */,
				F31938502261EBA80089B78E /* HomeContentView.h */,
				F31938512261EBA80089B78E /* HomeContentView.m */,
				F389902D229FAA4B003C57D4 /* HomeUserTalkCell.h */,
				F389902E229FAA4B003C57D4 /* HomeUserTalkCell.m */,
			);
			path = View;
			sourceTree = "<group>";
		};
		F38164262084500600F96CD4 /* TabBar */ = {
			isa = PBXGroup;
			children = (
				F38164272084504000F96CD4 /* JBTabBarController.h */,
				F38164282084504000F96CD4 /* JBTabBarController.m */,
				F381642A208450BC00F96CD4 /* JBBaseTabBar.h */,
				F381642B208450BC00F96CD4 /* JBBaseTabBar.m */,
			);
			path = TabBar;
			sourceTree = "<group>";
		};
		F381643220847DA500F96CD4 /* Categroy */ = {
			isa = PBXGroup;
			children = (
				F386FAD8214FA66300F24E6A /* UIButton */,
				F381644320847FED00F96CD4 /* UILabel */,
				F381643F20847EE300F96CD4 /* Layer */,
				F381643B20847E0300F96CD4 /* NSString */,
				F381643720847DE400F96CD4 /* UIColor */,
				F381643320847DB500F96CD4 /* UIFont */,
			);
			path = Categroy;
			sourceTree = "<group>";
		};
		F381643320847DB500F96CD4 /* UIFont */ = {
			isa = PBXGroup;
			children = (
				F381643420847DDA00F96CD4 /* UIFont+JB.h */,
				F381643520847DDA00F96CD4 /* UIFont+JB.m */,
			);
			path = UIFont;
			sourceTree = "<group>";
		};
		F381643720847DE400F96CD4 /* UIColor */ = {
			isa = PBXGroup;
			children = (
				F381643820847DFD00F96CD4 /* UIColor+JB.h */,
				F381643920847DFD00F96CD4 /* UIColor+JB.m */,
			);
			path = UIColor;
			sourceTree = "<group>";
		};
		F381643B20847E0300F96CD4 /* NSString */ = {
			isa = PBXGroup;
			children = (
				F381643C20847EA400F96CD4 /* NSString+JB.h */,
				F381643D20847EA400F96CD4 /* NSString+JB.m */,
			);
			path = NSString;
			sourceTree = "<group>";
		};
		F381643F20847EE300F96CD4 /* Layer */ = {
			isa = PBXGroup;
			children = (
				F381644020847EFA00F96CD4 /* CALayer+JB.h */,
				F381644120847EFA00F96CD4 /* CALayer+JB.m */,
			);
			path = Layer;
			sourceTree = "<group>";
		};
		F381644320847FED00F96CD4 /* UILabel */ = {
			isa = PBXGroup;
			children = (
				F38164442084801400F96CD4 /* UILabel+JB.h */,
				F38164452084801400F96CD4 /* UILabel+JB.m */,
			);
			path = UILabel;
			sourceTree = "<group>";
		};
		F381644A2085DCEC00F96CD4 /* Login */ = {
			isa = PBXGroup;
			children = (
				F381644B2085DCFF00F96CD4 /* Controller */,
				F381644C2085DD0600F96CD4 /* Presenter */,
				F381644D2085DD1000F96CD4 /* Model */,
				F381644E2085DD1F00F96CD4 /* View */,
			);
			path = Login;
			sourceTree = "<group>";
		};
		F381644B2085DCFF00F96CD4 /* Controller */ = {
			isa = PBXGroup;
			children = (
				F381644F2085DD8500F96CD4 /* LoginViewController.h */,
				F38164502085DD8500F96CD4 /* LoginViewController.m */,
			);
			path = Controller;
			sourceTree = "<group>";
		};
		F381644C2085DD0600F96CD4 /* Presenter */ = {
			isa = PBXGroup;
			children = (
			);
			path = Presenter;
			sourceTree = "<group>";
		};
		F381644D2085DD1000F96CD4 /* Model */ = {
			isa = PBXGroup;
			children = (
				F38164592085E88400F96CD4 /* LoginUserInfoModel.h */,
				F381645A2085E88400F96CD4 /* LoginUserInfoModel.m */,
			);
			path = Model;
			sourceTree = "<group>";
		};
		F381644E2085DD1F00F96CD4 /* View */ = {
			isa = PBXGroup;
			children = (
			);
			path = View;
			sourceTree = "<group>";
		};
		F38164552085E7C800F96CD4 /* Notification */ = {
			isa = PBXGroup;
			children = (
				F38164562085E81D00F96CD4 /* JBNotification.h */,
				F38164572085E81D00F96CD4 /* JBNotification.m */,
			);
			path = Notification;
			sourceTree = "<group>";
		};
		F381645F2086EF9700F96CD4 /* Life */ = {
			isa = PBXGroup;
			children = (
			);
			path = Life;
			sourceTree = "<group>";
		};
		F38164602086EFA600F96CD4 /* Me */ = {
			isa = PBXGroup;
			children = (
			);
			path = Me;
			sourceTree = "<group>";
		};
		F38164612086F1C600F96CD4 /* UIImageView */ = {
			isa = PBXGroup;
			children = (
				F38164622086F1FC00F96CD4 /* JBGravityImageView.h */,
				F38164632086F1FC00F96CD4 /* JBGravityImageView.m */,
			);
			path = UIImageView;
			sourceTree = "<group>";
		};
		F386FAD4214F9F9F00F24E6A /* UILabel */ = {
			isa = PBXGroup;
			children = (
			);
			path = UILabel;
			sourceTree = "<group>";
		};
		F386FAD8214FA66300F24E6A /* UIButton */ = {
			isa = PBXGroup;
			children = (
				F386FAD9214FA6BE00F24E6A /* UIButton+PC.h */,
				F386FADA214FA6BE00F24E6A /* UIButton+PC.m */,
			);
			path = UIButton;
			sourceTree = "<group>";
		};
		F38AE040222FAC7700E3EBEE /* ThirdParty */ = {
			isa = PBXGroup;
			children = (
				F38AE041222FAC7700E3EBEE /* WHDebugTool */,
			);
			path = ThirdParty;
			sourceTree = "<group>";
		};
		F38AE041222FAC7700E3EBEE /* WHDebugTool */ = {
			isa = PBXGroup;
			children = (
				F38AE042222FAC7700E3EBEE /* WHDebugTempVC.h */,
				F38AE043222FAC7700E3EBEE /* WHDebugToolManager.m */,
				F38AE044222FAC7700E3EBEE /* WHDebugConsoleLabel.h */,
				F38AE045222FAC7700E3EBEE /* WHDebugMemoryMonitor.h */,
				F38AE046222FAC7700E3EBEE /* WHDebugFPSMonitor.h */,
				F38AE047222FAC7700E3EBEE /* WHDebugMonitor.h */,
				F38AE048222FAC7700E3EBEE /* WHDebugCpuMonitor.h */,
				F38AE049222FAC7700E3EBEE /* WHDebugToolManager.h */,
				F38AE04A222FAC7700E3EBEE /* WHDebugTempVC.m */,
				F38AE04B222FAC7700E3EBEE /* WHDebugFPSMonitor.m */,
				F38AE04C222FAC7700E3EBEE /* WHDebugMemoryMonitor.m */,
				F38AE04D222FAC7700E3EBEE /* WHDebugConsoleLabel.m */,
				F38AE04E222FAC7700E3EBEE /* WHDebugMonitor.m */,
				F38AE04F222FAC7700E3EBEE /* WHDebugCpuMonitor.m */,
			);
			path = WHDebugTool;
			sourceTree = "<group>";
		};
		F39E95E31EF26D6600E34CD1 /* Tools */ = {
			isa = PBXGroup;
			children = (
				F381642D2084513500F96CD4 /* JBHelper.h */,
				F381642E2084513500F96CD4 /* JBHelper.m */,
				F38164472084822200F96CD4 /* JBNormalProgressHUD.h */,
				F38164482084822200F96CD4 /* JBNormalProgressHUD.m */,
				F381645C2086EF3E00F96CD4 /* JBGravityManager.h */,
				F381645D2086EF3E00F96CD4 /* JBGravityManager.m */,
				F342AA2220E37E8C00AF8DF3 /* JBNetWorkManager.h */,
				F342AA2320E37E8C00AF8DF3 /* JBNetWorkManager.m */,
			);
			path = Tools;
			sourceTree = "<group>";
		};
		F39E968A1F0230A300E34CD1 /* CommonUI */ = {
			isa = PBXGroup;
			children = (
				F3A695DB21524D9600328EB7 /* MDShockBanner */,
				F3A695D42152490D00328EB7 /* Banner */,
				F386FAD4214F9F9F00F24E6A /* UILabel */,
				F38164612086F1C600F96CD4 /* UIImageView */,
				F39E968B1F0230FB00E34CD1 /* GradientView */,
			);
			path = CommonUI;
			sourceTree = "<group>";
		};
		F39E968B1F0230FB00E34CD1 /* GradientView */ = {
			isa = PBXGroup;
			children = (
				F39E968C1F02321B00E34CD1 /* XNGradientView.h */,
				F39E968D1F02321B00E34CD1 /* XNGradientView.m */,
			);
			path = GradientView;
			sourceTree = "<group>";
		};
		F39E96921F04A22000E34CD1 /* Source */ = {
			isa = PBXGroup;
			children = (
				F39588A122B72F54006083DA /* handinhand.svga */,
				F39E96931F04A22000E34CD1 /* getMoney */,
			);
			path = Source;
			sourceTree = "<group>";
		};
		F39E96931F04A22000E34CD1 /* getMoney */ = {
			isa = PBXGroup;
			children = (
				F39E96941F04A22000E34CD1 /* getMoney01.png */,
				F39E96951F04A22000E34CD1 /* getMoney02.png */,
				F39E96961F04A22000E34CD1 /* getMoney03.png */,
				F39E96971F04A22000E34CD1 /* getMoney04.png */,
				F39E96981F04A22000E34CD1 /* getMoney05.png */,
				F39E96991F04A22000E34CD1 /* getMoney06.png */,
				F39E969A1F04A22000E34CD1 /* getMoney07.png */,
				F39E969B1F04A22000E34CD1 /* getMoney08.png */,
				F39E969C1F04A22000E34CD1 /* getMoney09.png */,
				F39E969D1F04A22000E34CD1 /* getMoney10.png */,
				F39E969E1F04A22000E34CD1 /* getMoney11.png */,
				F39E969F1F04A22000E34CD1 /* getMoney12.png */,
				F39E96A01F04A22000E34CD1 /* getMoney13.png */,
				F39E96A11F04A22000E34CD1 /* getMoney14.png */,
				F39E96A21F04A22000E34CD1 /* getMoney15.png */,
				F39E96A31F04A22000E34CD1 /* getMoney16.png */,
				F39E96A41F04A22000E34CD1 /* getMoney17.png */,
				F39E96A51F04A22000E34CD1 /* getMoney18.png */,
				F39E96A61F04A22000E34CD1 /* 时间轴.txt */,
			);
			path = getMoney;
			sourceTree = "<group>";
		};
		F3A695D42152490D00328EB7 /* Banner */ = {
			isa = PBXGroup;
			children = (
				F3A695D5215249D100328EB7 /* JBCycleBannerView.h */,
				F3A695D6215249D100328EB7 /* JBCycleBannerView.m */,
			);
			path = Banner;
			sourceTree = "<group>";
		};
		F3A695DB21524D9600328EB7 /* MDShockBanner */ = {
			isa = PBXGroup;
			children = (
				F3A695DC21524D9600328EB7 /* MDBannerCollectionViewCell.h */,
				F3A695DD21524D9600328EB7 /* MDBannerCollectionViewCell.m */,
				F3A695DE21524D9600328EB7 /* MDBannerCollectionViewCell.xib */,
				F3A695DF21524D9600328EB7 /* MDBannerModel.h */,
				F3A695E021524D9600328EB7 /* MDBannerModel.m */,
				F3A695E121524D9600328EB7 /* MDMaskView.h */,
				F3A695E221524D9600328EB7 /* MDMaskView.m */,
				F3A695E321524D9600328EB7 /* MDShockBannerView.h */,
				F3A695E421524D9600328EB7 /* MDShockBannerView.m */,
				F3A695E521524D9600328EB7 /* UIView+MD.h */,
				F3A695E621524D9600328EB7 /* UIView+MD.m */,
			);
			path = MDShockBanner;
			sourceTree = "<group>";
		};
/* End PBXGroup section */

/* Begin PBXNativeTarget section */
		F372AB371EE2A15200216C16 /* ZJBRepository */ = {
			isa = PBXNativeTarget;
			buildConfigurationList = F372AB4F1EE2A15200216C16 /* Build configuration list for PBXNativeTarget "ZJBRepository" */;
			buildPhases = (
				40C1C922B8B4521793622585 /* [CP] Check Pods Manifest.lock */,
				F372AB341EE2A15200216C16 /* Sources */,
				F372AB351EE2A15200216C16 /* Frameworks */,
				F372AB361EE2A15200216C16 /* Resources */,
				A8D2F18B0FBFEA9D3CCA76A4 /* [CP] Embed Pods Frameworks */,
				FD6B4DA38B649D824DDE5994 /* [CP] Copy Pods Resources */,
			);
			buildRules = (
			);
			dependencies = (
			);
			name = ZJBRepository;
			productName = ZJBRepository;
			productReference = F372AB381EE2A15200216C16 /* ZJBRepository.app */;
			productType = "com.apple.product-type.application";
		};
/* End PBXNativeTarget section */

/* Begin PBXProject section */
		F372AB301EE2A15200216C16 /* Project object */ = {
			isa = PBXProject;
			attributes = {
				LastUpgradeCheck = 0830;
				ORGANIZATIONNAME = ZJBCode;
				TargetAttributes = {
					F372AB371EE2A15200216C16 = {
						CreatedOnToolsVersion = 8.3.2;
						DevelopmentTeam = TB5ZA428YM;
						ProvisioningStyle = Automatic;
					};
				};
			};
			buildConfigurationList = F372AB331EE2A15200216C16 /* Build configuration list for PBXProject "ZJBRepository" */;
			compatibilityVersion = "Xcode 3.2";
			developmentRegion = English;
			hasScannedForEncodings = 0;
			knownRegions = (
				English,
				en,
				Base,
			);
			mainGroup = F372AB2F1EE2A15200216C16;
			productRefGroup = F372AB391EE2A15200216C16 /* Products */;
			projectDirPath = "";
			projectRoot = "";
			targets = (
				F372AB371EE2A15200216C16 /* ZJBRepository */,
			);
		};
/* End PBXProject section */

/* Begin PBXResourcesBuildPhase section */
		F372AB361EE2A15200216C16 /* Resources */ = {
			isa = PBXResourcesBuildPhase;
			buildActionMask = 2147483647;
			files = (
				F39E96B31F04A22000E34CD1 /* getMoney13.png in Resources */,
				F39E96A91F04A22000E34CD1 /* getMoney03.png in Resources */,
				F39E96B11F04A22000E34CD1 /* getMoney11.png in Resources */,
				F39E96B21F04A22000E34CD1 /* getMoney12.png in Resources */,
				F39E96AA1F04A22000E34CD1 /* getMoney04.png in Resources */,
				F372AB4B1EE2A15200216C16 /* LaunchScreen.storyboard in Resources */,
				F39E96B91F04A22000E34CD1 /* 时间轴.txt in Resources */,
				F39588A222B72F54006083DA /* handinhand.svga in Resources */,
				F3A695E821524D9600328EB7 /* MDBannerCollectionViewCell.xib in Resources */,
				F39E96B71F04A22000E34CD1 /* getMoney17.png in Resources */,
				F39E96B61F04A22000E34CD1 /* getMoney16.png in Resources */,
				F39E96AB1F04A22000E34CD1 /* getMoney05.png in Resources */,
				F39E96A71F04A22000E34CD1 /* getMoney01.png in Resources */,
				F39E96B81F04A22000E34CD1 /* getMoney18.png in Resources */,
				F39E96AE1F04A22000E34CD1 /* getMoney08.png in Resources */,
				F39E96B01F04A22000E34CD1 /* getMoney10.png in Resources */,
				F39E96B51F04A22000E34CD1 /* getMoney15.png in Resources */,
				F372AB481EE2A15200216C16 /* Assets.xcassets in Resources */,
				F39E96A81F04A22000E34CD1 /* getMoney02.png in Resources */,
				F39E96AF1F04A22000E34CD1 /* getMoney09.png in Resources */,
				F39E96AD1F04A22000E34CD1 /* getMoney07.png in Resources */,
				F39E96B41F04A22000E34CD1 /* getMoney14.png in Resources */,
				F39E96AC1F04A22000E34CD1 /* getMoney06.png in Resources */,
			);
			runOnlyForDeploymentPostprocessing = 0;
		};
/* End PBXResourcesBuildPhase section */

/* Begin PBXShellScriptBuildPhase section */
		40C1C922B8B4521793622585 /* [CP] Check Pods Manifest.lock */ = {
			isa = PBXShellScriptBuildPhase;
			buildActionMask = 2147483647;
			files = (
			);
			inputPaths = (
				"${PODS_PODFILE_DIR_PATH}/Podfile.lock",
				"${PODS_ROOT}/Manifest.lock",
			);
			name = "[CP] Check Pods Manifest.lock";
			outputPaths = (
				"$(DERIVED_FILE_DIR)/Pods-ZJBRepository-checkManifestLockResult.txt",
			);
			runOnlyForDeploymentPostprocessing = 0;
			shellPath = /bin/sh;
			shellScript = "diff \"${PODS_PODFILE_DIR_PATH}/Podfile.lock\" \"${PODS_ROOT}/Manifest.lock\" > /dev/null\nif [ $? != 0 ] ; then\n    # print error to STDERR\n    echo \"error: The sandbox is not in sync with the Podfile.lock. Run 'pod install' or update your CocoaPods installation.\" >&2\n    exit 1\nfi\n# This output is used by Xcode 'outputs' to avoid re-running this script phase.\necho \"SUCCESS\" > \"${SCRIPT_OUTPUT_FILE_0}\"\n";
			showEnvVarsInLog = 0;
		};
		A8D2F18B0FBFEA9D3CCA76A4 /* [CP] Embed Pods Frameworks */ = {
			isa = PBXShellScriptBuildPhase;
			buildActionMask = 2147483647;
			files = (
			);
			inputPaths = (
				"${SRCROOT}/Pods/Target Support Files/Pods-ZJBRepository/Pods-ZJBRepository-frameworks.sh",
				"${BUILT_PRODUCTS_DIR}/AFNetworking/AFNetworking.framework",
				"${BUILT_PRODUCTS_DIR}/AliyunOSSiOS/AliyunOSSiOS.framework",
				"${BUILT_PRODUCTS_DIR}/ChameleonFramework/ChameleonFramework.framework",
				"${BUILT_PRODUCTS_DIR}/FMDB/FMDB.framework",
				"${BUILT_PRODUCTS_DIR}/GPUImage/GPUImage.framework",
				"${BUILT_PRODUCTS_DIR}/MBProgressHUD/MBProgressHUD.framework",
				"${BUILT_PRODUCTS_DIR}/MJRefresh/MJRefresh.framework",
				"${BUILT_PRODUCTS_DIR}/Masonry/Masonry.framework",
				"${BUILT_PRODUCTS_DIR}/Protobuf/Protobuf.framework",
				"${BUILT_PRODUCTS_DIR}/SDWebImage/SDWebImage.framework",
				"${BUILT_PRODUCTS_DIR}/SSZipArchive/SSZipArchive.framework",
				"${BUILT_PRODUCTS_DIR}/SVGAPlayer/SVGAPlayer.framework",
				"${BUILT_PRODUCTS_DIR}/VasSonic/VasSonic.framework",
				"${BUILT_PRODUCTS_DIR}/lottie-ios/Lottie.framework",
			);
			name = "[CP] Embed Pods Frameworks";
			outputPaths = (
				"${TARGET_BUILD_DIR}/${FRAMEWORKS_FOLDER_PATH}/AFNetworking.framework",
				"${TARGET_BUILD_DIR}/${FRAMEWORKS_FOLDER_PATH}/AliyunOSSiOS.framework",
				"${TARGET_BUILD_DIR}/${FRAMEWORKS_FOLDER_PATH}/ChameleonFramework.framework",
				"${TARGET_BUILD_DIR}/${FRAMEWORKS_FOLDER_PATH}/FMDB.framework",
				"${TARGET_BUILD_DIR}/${FRAMEWORKS_FOLDER_PATH}/GPUImage.framework",
				"${TARGET_BUILD_DIR}/${FRAMEWORKS_FOLDER_PATH}/MBProgressHUD.framework",
				"${TARGET_BUILD_DIR}/${FRAMEWORKS_FOLDER_PATH}/MJRefresh.framework",
				"${TARGET_BUILD_DIR}/${FRAMEWORKS_FOLDER_PATH}/Masonry.framework",
				"${TARGET_BUILD_DIR}/${FRAMEWORKS_FOLDER_PATH}/Protobuf.framework",
				"${TARGET_BUILD_DIR}/${FRAMEWORKS_FOLDER_PATH}/SDWebImage.framework",
				"${TARGET_BUILD_DIR}/${FRAMEWORKS_FOLDER_PATH}/SSZipArchive.framework",
				"${TARGET_BUILD_DIR}/${FRAMEWORKS_FOLDER_PATH}/SVGAPlayer.framework",
				"${TARGET_BUILD_DIR}/${FRAMEWORKS_FOLDER_PATH}/VasSonic.framework",
				"${TARGET_BUILD_DIR}/${FRAMEWORKS_FOLDER_PATH}/Lottie.framework",
			);
			runOnlyForDeploymentPostprocessing = 0;
			shellPath = /bin/sh;
			shellScript = "\"${SRCROOT}/Pods/Target Support Files/Pods-ZJBRepository/Pods-ZJBRepository-frameworks.sh\"\n";
			showEnvVarsInLog = 0;
		};
		FD6B4DA38B649D824DDE5994 /* [CP] Copy Pods Resources */ = {
			isa = PBXShellScriptBuildPhase;
			buildActionMask = 2147483647;
			files = (
			);
			inputPaths = (
				"${SRCROOT}/Pods/Target Support Files/Pods-ZJBRepository/Pods-ZJBRepository-resources.sh",
				"${PODS_ROOT}/RongCloudIM/RongCloudIM/RCConfig.plist",
			);
			name = "[CP] Copy Pods Resources";
			outputPaths = (
				"${TARGET_BUILD_DIR}/${UNLOCALIZED_RESOURCES_FOLDER_PATH}/RCConfig.plist",
			);
			runOnlyForDeploymentPostprocessing = 0;
			shellPath = /bin/sh;
			shellScript = "\"${SRCROOT}/Pods/Target Support Files/Pods-ZJBRepository/Pods-ZJBRepository-resources.sh\"\n";
			showEnvVarsInLog = 0;
		};
/* End PBXShellScriptBuildPhase section */

/* Begin PBXSourcesBuildPhase section */
		F372AB341EE2A15200216C16 /* Sources */ = {
			isa = PBXSourcesBuildPhase;
			buildActionMask = 2147483647;
			files = (
				F372AB6C1EE2A9B300216C16 /* HomePageModel.m in Sources */,
				F38AE052222FAC7900E3EBEE /* WHDebugFPSMonitor.m in Sources */,
				F38164642086F1FC00F96CD4 /* JBGravityImageView.m in Sources */,
				F372AB691EE2A95700216C16 /* HomePageViewController.m in Sources */,
				F38164582085E81D00F96CD4 /* JBNotification.m in Sources */,
				F381642C208450BC00F96CD4 /* JBBaseTabBar.m in Sources */,
				F3A695EC21524D9600328EB7 /* UIView+MD.m in Sources */,
				F381645B2085E88400F96CD4 /* LoginUserInfoModel.m in Sources */,
				F3A695E921524D9600328EB7 /* MDBannerModel.m in Sources */,
				F38AE054222FAC7900E3EBEE /* WHDebugConsoleLabel.m in Sources */,
				F342AA2420E37E8C00AF8DF3 /* JBNetWorkManager.m in Sources */,
				F38AE051222FAC7900E3EBEE /* WHDebugTempVC.m in Sources */,
				F381642F2084513500F96CD4 /* JBHelper.m in Sources */,
				F381643620847DDA00F96CD4 /* UIFont+JB.m in Sources */,
				F38AE053222FAC7900E3EBEE /* WHDebugMemoryMonitor.m in Sources */,
				F3E8D7C7228023B100378CD7 /* HomeDetailPageViewController.m in Sources */,
				F3A695EA21524D9600328EB7 /* MDMaskView.m in Sources */,
				F38164462084801400F96CD4 /* UILabel+JB.m in Sources */,
				F38164542085E3C600F96CD4 /* BaseNavigationController.m in Sources */,
				F38AE056222FAC7900E3EBEE /* WHDebugCpuMonitor.m in Sources */,
				F38AE050222FAC7900E3EBEE /* WHDebugToolManager.m in Sources */,
				F372AB6F1EE2A9CB00216C16 /* HomePagePresenter.m in Sources */,
				F381645E2086EF3E00F96CD4 /* JBGravityManager.m in Sources */,
				F372AB5D1EE2A87A00216C16 /* AppDelegate.m in Sources */,
				F3A695EB21524D9600328EB7 /* MDShockBannerView.m in Sources */,
				F39E968E1F02321B00E34CD1 /* XNGradientView.m in Sources */,
				F3A695E721524D9600328EB7 /* MDBannerCollectionViewCell.m in Sources */,
				F3AC5C0B2264B94000EF036C /* BaseUIWebViewController.m in Sources */,
				F372AB721EE2A9F500216C16 /* HomePageHeadView.m in Sources */,
				F372AB661EE2A91500216C16 /* BaseViewController.m in Sources */,
				F372AB3D1EE2A15200216C16 /* main.m in Sources */,
				F38164492084822200F96CD4 /* JBNormalProgressHUD.m in Sources */,
				F3A695D7215249D100328EB7 /* JBCycleBannerView.m in Sources */,
				F386FADB214FA6BE00F24E6A /* UIButton+PC.m in Sources */,
				F38AE055222FAC7900E3EBEE /* WHDebugMonitor.m in Sources */,
				F38164292084504000F96CD4 /* JBTabBarController.m in Sources */,
				F38164512085DD8500F96CD4 /* LoginViewController.m in Sources */,
				F389902F229FAA4B003C57D4 /* HomeUserTalkCell.m in Sources */,
				F31938522261EBA80089B78E /* HomeContentView.m in Sources */,
				F381643E20847EA400F96CD4 /* NSString+JB.m in Sources */,
				F381643A20847DFD00F96CD4 /* UIColor+JB.m in Sources */,
				F381644220847EFA00F96CD4 /* CALayer+JB.m in Sources */,
			);
			runOnlyForDeploymentPostprocessing = 0;
		};
/* End PBXSourcesBuildPhase section */

/* Begin PBXVariantGroup section */
		F372AB491EE2A15200216C16 /* LaunchScreen.storyboard */ = {
			isa = PBXVariantGroup;
			children = (
				F372AB4A1EE2A15200216C16 /* Base */,
			);
			name = LaunchScreen.storyboard;
			sourceTree = "<group>";
		};
/* End PBXVariantGroup section */

/* Begin XCBuildConfiguration section */
		F372AB4D1EE2A15200216C16 /* Debug */ = {
			isa = XCBuildConfiguration;
			buildSettings = {
				ALWAYS_SEARCH_USER_PATHS = NO;
				CLANG_ANALYZER_NONNULL = YES;
				CLANG_ANALYZER_NUMBER_OBJECT_CONVERSION = YES_AGGRESSIVE;
				CLANG_CXX_LANGUAGE_STANDARD = "gnu++0x";
				CLANG_CXX_LIBRARY = "libc++";
				CLANG_ENABLE_MODULES = YES;
				CLANG_ENABLE_OBJC_ARC = YES;
				CLANG_WARN_BOOL_CONVERSION = YES;
				CLANG_WARN_CONSTANT_CONVERSION = YES;
				CLANG_WARN_DIRECT_OBJC_ISA_USAGE = YES_ERROR;
				CLANG_WARN_DOCUMENTATION_COMMENTS = YES;
				CLANG_WARN_EMPTY_BODY = YES;
				CLANG_WARN_ENUM_CONVERSION = YES;
				CLANG_WARN_INFINITE_RECURSION = YES;
				CLANG_WARN_INT_CONVERSION = YES;
				CLANG_WARN_OBJC_ROOT_CLASS = YES_ERROR;
				CLANG_WARN_SUSPICIOUS_MOVE = YES;
				CLANG_WARN_UNREACHABLE_CODE = YES;
				CLANG_WARN__DUPLICATE_METHOD_MATCH = YES;
				"CODE_SIGN_IDENTITY[sdk=iphoneos*]" = "iPhone Developer";
				COPY_PHASE_STRIP = NO;
				DEBUG_INFORMATION_FORMAT = dwarf;
				ENABLE_STRICT_OBJC_MSGSEND = YES;
				ENABLE_TESTABILITY = YES;
				GCC_C_LANGUAGE_STANDARD = gnu99;
				GCC_DYNAMIC_NO_PIC = NO;
				GCC_NO_COMMON_BLOCKS = YES;
				GCC_OPTIMIZATION_LEVEL = 0;
				GCC_PREPROCESSOR_DEFINITIONS = (
					"DEBUG=1",
					"$(inherited)",
				);
				GCC_WARN_64_TO_32_BIT_CONVERSION = YES;
				GCC_WARN_ABOUT_RETURN_TYPE = YES_ERROR;
				GCC_WARN_UNDECLARED_SELECTOR = YES;
				GCC_WARN_UNINITIALIZED_AUTOS = YES_AGGRESSIVE;
				GCC_WARN_UNUSED_FUNCTION = YES;
				GCC_WARN_UNUSED_VARIABLE = YES;
				IPHONEOS_DEPLOYMENT_TARGET = 9.0;
				MTL_ENABLE_DEBUG_INFO = YES;
				ONLY_ACTIVE_ARCH = YES;
				SDKROOT = iphoneos;
			};
			name = Debug;
		};
		F372AB4E1EE2A15200216C16 /* Release */ = {
			isa = XCBuildConfiguration;
			buildSettings = {
				ALWAYS_SEARCH_USER_PATHS = NO;
				CLANG_ANALYZER_NONNULL = YES;
				CLANG_ANALYZER_NUMBER_OBJECT_CONVERSION = YES_AGGRESSIVE;
				CLANG_CXX_LANGUAGE_STANDARD = "gnu++0x";
				CLANG_CXX_LIBRARY = "libc++";
				CLANG_ENABLE_MODULES = YES;
				CLANG_ENABLE_OBJC_ARC = YES;
				CLANG_WARN_BOOL_CONVERSION = YES;
				CLANG_WARN_CONSTANT_CONVERSION = YES;
				CLANG_WARN_DIRECT_OBJC_ISA_USAGE = YES_ERROR;
				CLANG_WARN_DOCUMENTATION_COMMENTS = YES;
				CLANG_WARN_EMPTY_BODY = YES;
				CLANG_WARN_ENUM_CONVERSION = YES;
				CLANG_WARN_INFINITE_RECURSION = YES;
				CLANG_WARN_INT_CONVERSION = YES;
				CLANG_WARN_OBJC_ROOT_CLASS = YES_ERROR;
				CLANG_WARN_SUSPICIOUS_MOVE = YES;
				CLANG_WARN_UNREACHABLE_CODE = YES;
				CLANG_WARN__DUPLICATE_METHOD_MATCH = YES;
				"CODE_SIGN_IDENTITY[sdk=iphoneos*]" = "iPhone Developer";
				COPY_PHASE_STRIP = NO;
				DEBUG_INFORMATION_FORMAT = "dwarf-with-dsym";
				ENABLE_NS_ASSERTIONS = NO;
				ENABLE_STRICT_OBJC_MSGSEND = YES;
				GCC_C_LANGUAGE_STANDARD = gnu99;
				GCC_NO_COMMON_BLOCKS = YES;
				GCC_WARN_64_TO_32_BIT_CONVERSION = YES;
				GCC_WARN_ABOUT_RETURN_TYPE = YES_ERROR;
				GCC_WARN_UNDECLARED_SELECTOR = YES;
				GCC_WARN_UNINITIALIZED_AUTOS = YES_AGGRESSIVE;
				GCC_WARN_UNUSED_FUNCTION = YES;
				GCC_WARN_UNUSED_VARIABLE = YES;
				IPHONEOS_DEPLOYMENT_TARGET = 9.0;
				MTL_ENABLE_DEBUG_INFO = NO;
				SDKROOT = iphoneos;
				VALIDATE_PRODUCT = YES;
			};
			name = Release;
		};
		F372AB501EE2A15200216C16 /* Debug */ = {
			isa = XCBuildConfiguration;
			baseConfigurationReference = 05DB67202032BA57E9EA128A /* Pods-ZJBRepository.debug.xcconfig */;
			buildSettings = {
				ASSETCATALOG_COMPILER_APPICON_NAME = AppIcon;
				DEVELOPMENT_TEAM = TB5ZA428YM;
				GCC_PREFIX_HEADER = "$(SRCROOT)/ZJBRepository/Main/APP/PrefixHeader.pch";
				INFOPLIST_FILE = ZJBRepository/Info.plist;
				IPHONEOS_DEPLOYMENT_TARGET = 9.0;
				LD_RUNPATH_SEARCH_PATHS = "$(inherited) @executable_path/Frameworks";
				PRODUCT_BUNDLE_IDENTIFIER = com.ZJB.ZJBRepository;
				PRODUCT_NAME = "$(TARGET_NAME)";
			};
			name = Debug;
		};
		F372AB511EE2A15200216C16 /* Release */ = {
			isa = XCBuildConfiguration;
			baseConfigurationReference = B9DF9F81997D657169BF7DD2 /* Pods-ZJBRepository.release.xcconfig */;
			buildSettings = {
				ASSETCATALOG_COMPILER_APPICON_NAME = AppIcon;
				DEVELOPMENT_TEAM = TB5ZA428YM;
				GCC_PREFIX_HEADER = "$(SRCROOT)/ZJBRepository/Main/APP/PrefixHeader.pch";
				INFOPLIST_FILE = ZJBRepository/Info.plist;
				IPHONEOS_DEPLOYMENT_TARGET = 9.0;
				LD_RUNPATH_SEARCH_PATHS = "$(inherited) @executable_path/Frameworks";
				PRODUCT_BUNDLE_IDENTIFIER = com.ZJB.ZJBRepository;
				PRODUCT_NAME = "$(TARGET_NAME)";
			};
			name = Release;
		};
/* End XCBuildConfiguration section */

/* Begin XCConfigurationList section */
		F372AB331EE2A15200216C16 /* Build configuration list for PBXProject "ZJBRepository" */ = {
			isa = XCConfigurationList;
			buildConfigurations = (
				F372AB4D1EE2A15200216C16 /* Debug */,
				F372AB4E1EE2A15200216C16 /* Release */,
			);
			defaultConfigurationIsVisible = 0;
			defaultConfigurationName = Release;
		};
		F372AB4F1EE2A15200216C16 /* Build configuration list for PBXNativeTarget "ZJBRepository" */ = {
			isa = XCConfigurationList;
			buildConfigurations = (
				F372AB501EE2A15200216C16 /* Debug */,
				F372AB511EE2A15200216C16 /* Release */,
			);
			defaultConfigurationIsVisible = 0;
			defaultConfigurationName = Release;
		};
/* End XCConfigurationList section */
	};
	rootObject = F372AB301EE2A15200216C16 /* Project object */;
}
